
Microsoft Visual Studio Solution File, Format Version 12.00
# Visual Studio 14
VisualStudioVersion = 14.0.24720.0
MinimumVisualStudioVersion = 10.0.40219.1
Project("{FAE04EC0-301F-11D3-BF4B-00C04F79EFBC}") = "Demiral", "Demiral\Demiral.csproj", "{61739DE6-5797-4CD8-996D-A2FAAC77831D}"
EndProject
Global
	GlobalSection(SolutionConfigurationPlatforms) = preSolution
		Debug|Any CPU = Debug|Any CPU
		Release|Any CPU = Release|Any CPU
	EndGlobalSection
	GlobalSection(ProjectConfigurationPlatforms) = postSolution
		{61739DE6-5797-4CD8-996D-A2FAAC77831D}.Debug|Any CPU.ActiveCfg = Debug|Any CPU
		{61739DE6-5797-4CD8-996D-A2FAAC77831D}.Debug|Any CPU.Build.0 = Debug|Any CPU
		{61739DE6-5797-4CD8-996D-A2FAAC77831D}.Release|Any CPU.ActiveCfg = Release|Any CPU
		{61739DE6-5797-4CD8-996D-A2FAAC77831D}.Release|Any CPU.Build.0 = Release|Any CPU
	EndGlobalSection
	GlobalSection(SolutionProperties) = preSolution
		HideSolutionNode = FALSE
	EndGlobalSection
EndGlobal
